
Microsoft Visual Studio Solution File, Format Version 12.00
# Visual Studio Version 16
VisualStudioVersion = 16.0.30523.141
MinimumVisualStudioVersion = 10.0.40219.1
Project("{8BC9CEB8-8B4A-11D0-8D11-00A0C91BC942}") = "compat", "src\compat\compat.vcxproj", "{4B2E2719-E661-45D7-9203-F6F456B22F19}"
EndProject
Project("{8BC9CEB8-8B4A-11D0-8D11-00A0C91BC942}") = "openvpn", "src\openvpn\openvpn.vcxproj", "{29DF226E-4D4E-440F-ADAF-5829CFD4CA94}"
EndProject
Project("{2150E333-8FDC-42A3-9474-1A3956D46DE8}") = "Solution Items", "Solution Items", "{ED96E3C7-3A48-41A5-ACC0-B6AD7B2DA3AC}"
EndProject
Global
	GlobalSection(SolutionConfigurationPlatforms) = preSolution
		Debug|x64 = Debug|x64
		Debug|x86 = Debug|x86
		Release|x64 = Release|x64
		Release|x86 = Release|x86
	EndGlobalSection
	GlobalSection(ProjectConfigurationPlatforms) = postSolution
		{4B2E2719-E661-45D7-9203-F6F456B22F19}.Debug|x64.ActiveCfg = Debug|x64
		{4B2E2719-E661-45D7-9203-F6F456B22F19}.Debug|x64.Build.0 = Debug|x64
		{4B2E2719-E661-45D7-9203-F6F456B22F19}.Debug|x86.ActiveCfg = Debug|Win32
		{4B2E2719-E661-45D7-9203-F6F456B22F19}.Debug|x86.Build.0 = Debug|Win32
		{4B2E2719-E661-45D7-9203-F6F456B22F19}.Release|x64.ActiveCfg = Release|x64
		{4B2E2719-E661-45D7-9203-F6F456B22F19}.Release|x64.Build.0 = Release|x64
		{4B2E2719-E661-45D7-9203-F6F456B22F19}.Release|x86.ActiveCfg = Release|Win32
		{4B2E2719-E661-45D7-9203-F6F456B22F19}.Release|x86.Build.0 = Release|Win32
		{29DF226E-4D4E-440F-ADAF-5829CFD4CA94}.Debug|x64.ActiveCfg = Debug|x64
		{29DF226E-4D4E-440F-ADAF-5829CFD4CA94}.Debug|x64.Build.0 = Debug|x64
		{29DF226E-4D4E-440F-ADAF-5829CFD4CA94}.Debug|x86.ActiveCfg = Debug|Win32
		{29DF226E-4D4E-440F-ADAF-5829CFD4CA94}.Debug|x86.Build.0 = Debug|Win32
		{29DF226E-4D4E-440F-ADAF-5829CFD4CA94}.Release|x64.ActiveCfg = Release|x64
		{29DF226E-4D4E-440F-ADAF-5829CFD4CA94}.Release|x64.Build.0 = Release|x64
		{29DF226E-4D4E-440F-ADAF-5829CFD4CA94}.Release|x86.ActiveCfg = Release|Win32
		{29DF226E-4D4E-440F-ADAF-5829CFD4CA94}.Release|x86.Build.0 = Release|Win32
	EndGlobalSection
	GlobalSection(SolutionProperties) = preSolution
		HideSolutionNode = FALSE
	EndGlobalSection
	GlobalSection(ExtensibilityGlobals) = postSolution
		SolutionGuid = {E8AD8E90-1B15-41E2-8006-17A482C6B7A3}
	EndGlobalSection
	GlobalSection(SubversionScc) = preSolution
		Svn-Managed = True
		Manager = AnkhSVN - Subversion Support for Visual Studio
	EndGlobalSection
	GlobalSection(DPCodeReviewSolutionGUID) = preSolution
		DPCodeReviewSolutionGUID = {00000000-0000-0000-0000-000000000000}
	EndGlobalSection
EndGlobal
