
Microsoft Visual Studio Solution File, Format Version 11.00
# Visual Studio 2010
Project("{8BC9CEB8-8B4A-11D0-8D11-00A0C91BC942}") = "openvpn_vc10", "openvpn_vc10.vcxproj", "{29DF226E-4D4E-440F-ADAF-5829CFD4CA94}"
EndProject
Global
	GlobalSection(SolutionConfigurationPlatforms) = preSolution
		Debug|Win32 = Debug|Win32
		Release|Win32 = Release|Win32
	EndGlobalSection
	GlobalSection(ProjectConfigurationPlatforms) = postSolution
		{29DF226E-4D4E-440F-ADAF-5829CFD4CA94}.Debug|Win32.ActiveCfg = Debug|Win32
		{29DF226E-4D4E-440F-ADAF-5829CFD4CA94}.Debug|Win32.Build.0 = Debug|Win32
		{29DF226E-4D4E-440F-ADAF-5829CFD4CA94}.Release|Win32.ActiveCfg = Release|Win32
		{29DF226E-4D4E-440F-ADAF-5829CFD4CA94}.Release|Win32.Build.0 = Release|Win32
	EndGlobalSection
	GlobalSection(SolutionProperties) = preSolution
		HideSolutionNode = FALSE
	EndGlobalSection
EndGlobal
